
Microsoft Visual Studio Solution File, Format Version 12.00
# Visual Studio Version 17
VisualStudioVersion = 17.5.002.0
MinimumVisualStudioVersion = 10.0.40219.1
Project("{2150E333-8FDC-42A3-9474-1A3956D46DE8}") = "2--Implementation", "2--Implementation", "{590AC62A-51EB-4B15-841F-C3DB3819B64A}"
EndProject
Project("{2150E333-8FDC-42A3-9474-1A3956D46DE8}") = "STU01", "STU01", "{67B438EF-1539-4F02-8E59-B66BAB667B12}"
EndProject
Project("{2150E333-8FDC-42A3-9474-1A3956D46DE8}") = "src", "src", "{252B86BF-C44F-410A-ABB8-59DF8473F6BD}"
EndProject
Project("{2150E333-8FDC-42A3-9474-1A3956D46DE8}") = "services", "services", "{2094C6CC-79FF-49B0-A443-0E3E01BCBD20}"
EndProject
Project("{9A19103F-16F7-4668-BE54-9A1E7A4F7556}") = "ProductService", "2--Implementation\STU01\src\services\product-service\ProductService.csproj", "{F50CC57C-EA7C-4B4B-A070-738A83A102F8}"
EndProject
Project("{9A19103F-16F7-4668-BE54-9A1E7A4F7556}") = "OrderService", "2--Implementation\STU01\src\services\order-service\OrderService.csproj", "{31551FCA-E1D9-4DB1-87C0-ACA5922F8185}"
EndProject
Global
	GlobalSection(SolutionConfigurationPlatforms) = preSolution
		Debug|Any CPU = Debug|Any CPU
		Release|Any CPU = Release|Any CPU
	EndGlobalSection
	GlobalSection(ProjectConfigurationPlatforms) = postSolution
		{F50CC57C-EA7C-4B4B-A070-738A83A102F8}.Debug|Any CPU.ActiveCfg = Debug|Any CPU
		{F50CC57C-EA7C-4B4B-A070-738A83A102F8}.Debug|Any CPU.Build.0 = Debug|Any CPU
		{F50CC57C-EA7C-4B4B-A070-738A83A102F8}.Release|Any CPU.ActiveCfg = Release|Any CPU
		{F50CC57C-EA7C-4B4B-A070-738A83A102F8}.Release|Any CPU.Build.0 = Release|Any CPU
		{31551FCA-E1D9-4DB1-87C0-ACA5922F8185}.Debug|Any CPU.ActiveCfg = Debug|Any CPU
		{31551FCA-E1D9-4DB1-87C0-ACA5922F8185}.Debug|Any CPU.Build.0 = Debug|Any CPU
		{31551FCA-E1D9-4DB1-87C0-ACA5922F8185}.Release|Any CPU.ActiveCfg = Release|Any CPU
		{31551FCA-E1D9-4DB1-87C0-ACA5922F8185}.Release|Any CPU.Build.0 = Release|Any CPU
	EndGlobalSection
	GlobalSection(SolutionProperties) = preSolution
		HideSolutionNode = FALSE
	EndGlobalSection
	GlobalSection(NestedProjects) = preSolution
		{67B438EF-1539-4F02-8E59-B66BAB667B12} = {590AC62A-51EB-4B15-841F-C3DB3819B64A}
		{252B86BF-C44F-410A-ABB8-59DF8473F6BD} = {67B438EF-1539-4F02-8E59-B66BAB667B12}
		{2094C6CC-79FF-49B0-A443-0E3E01BCBD20} = {252B86BF-C44F-410A-ABB8-59DF8473F6BD}
		{F50CC57C-EA7C-4B4B-A070-738A83A102F8} = {2094C6CC-79FF-49B0-A443-0E3E01BCBD20}
		{31551FCA-E1D9-4DB1-87C0-ACA5922F8185} = {2094C6CC-79FF-49B0-A443-0E3E01BCBD20}
	EndGlobalSection
	GlobalSection(ExtensibilityGlobals) = postSolution
		SolutionGuid = {205D5050-C89F-47FE-9211-16AE9DE16BEF}
	EndGlobalSection
EndGlobal
